
Microsoft Visual Studio Solution File, Format Version 12.00
# Visual Studio 15
Project("{FAE04EC0-301F-11D3-BF4B-00C04F79EFBC}") = "mono.cecil", "Assembly-CSharp.csproj", "{52F7C1EB-8FB1-6671-7E59-137E5B7AAEF0}"
EndProject
Project("{FAE04EC0-301F-11D3-BF4B-00C04F79EFBC}") = "mono.cecil", "Assembly-CSharp-Editor.csproj", "{CBEAAD20-6982-54D1-9363-832A44F822AF}"
EndProject
Global
	GlobalSection(SolutionConfigurationPlatforms) = preSolution
		Debug|Any CPU = Debug|Any CPU
		Release|Any CPU = Release|Any CPU
	EndGlobalSection
	GlobalSection(ProjectConfigurationPlatforms) = postSolution
		{52F7C1EB-8FB1-6671-7E59-137E5B7AAEF0}.Debug|Any CPU.ActiveCfg = Debug|Any CPU
		{52F7C1EB-8FB1-6671-7E59-137E5B7AAEF0}.Debug|Any CPU.Build.0 = Debug|Any CPU
		{52F7C1EB-8FB1-6671-7E59-137E5B7AAEF0}.Release|Any CPU.ActiveCfg = Release|Any CPU
		{52F7C1EB-8FB1-6671-7E59-137E5B7AAEF0}.Release|Any CPU.Build.0 = Release|Any CPU
		{CBEAAD20-6982-54D1-9363-832A44F822AF}.Debug|Any CPU.ActiveCfg = Debug|Any CPU
		{CBEAAD20-6982-54D1-9363-832A44F822AF}.Debug|Any CPU.Build.0 = Debug|Any CPU
		{CBEAAD20-6982-54D1-9363-832A44F822AF}.Release|Any CPU.ActiveCfg = Release|Any CPU
		{CBEAAD20-6982-54D1-9363-832A44F822AF}.Release|Any CPU.Build.0 = Release|Any CPU
	EndGlobalSection
	GlobalSection(SolutionProperties) = preSolution
		HideSolutionNode = FALSE
	EndGlobalSection
EndGlobal
